{
    "_readme": [
        "This file locks the dependencies of your project to a known state",
        "Read more about it at http://getcomposer.org/doc/01-basic-usage.md#composer-lock-the-lock-file",
        "This file is @generated automatically"
    ],
    "hash": "a596c106c752f3391bf118a4336fd7fd",
    "packages": [
        {
            "name": "jjgrainger/wp-custom-post-type-class",
            "version": "dev-master",
            "source": {
                "type": "git",
                "url": "https://github.com/jjgrainger/wp-custom-post-type-class.git",
                "reference": "56d42dc92c16cae98adf7cf23300c59f36633be9"
            },
            "dist": {
                "type": "zip",
                "url": "https://api.github.com/repos/jjgrainger/wp-custom-post-type-class/zipball/56d42dc92c16cae98adf7cf23300c59f36633be9",
                "reference": "56d42dc92c16cae98adf7cf23300c59f36633be9",
                "shasum": ""
            },
            "require": {
                "php": ">=5.3.0"
            },
            "type": "library",
            "autoload": {
                "psr-0": {
                    "CPT": "src/"
                }
            },
            "notification-url": "https://packagist.org/downloads/",
            "license": [
                "MIT"
            ],
            "authors": [
                {
                    "name": "Joe Grainger",
                    "email": "hello@joegrainger.co.uk",
                    "homepage": "http://jjgrainger.co.uk"
                }
            ],
            "description": "A single class to help you build more advanced custom post types quickly.",
            "homepage": "https://github.com/jjgrainger/wp-custom-post-type-class",
            "time": "2014-12-12 14:40:56"
        }
    ],
    "packages-dev": [],
    "aliases": [],
    "minimum-stability": "stable",
    "stability-flags": {
        "jjgrainger/wp-custom-post-type-class": 20
    },
    "prefer-stable": false,
    "prefer-lowest": false,
    "platform": [],
    "platform-dev": []
}
